
Microsoft Visual Studio Solution File, Format Version 12.00
# Visual Studio 2013
VisualStudioVersion = 12.0.31101.0
MinimumVisualStudioVersion = 10.0.40219.1
Project("{FAE04EC0-301F-11D3-BF4B-00C04F79EFBC}") = "MyLinearProgramSolver", "MyLinearProgramSolver\MyLinearProgramSolver.csproj", "{DAAF7AAA-6662-4D16-957B-2DED69CB125D}"
EndProject
Project("{FAE04EC0-301F-11D3-BF4B-00C04F79EFBC}") = "MyLinearProgramSolver.Tests", "MyLinearProgramSolver.Tests\MyLinearProgramSolver.Tests.csproj", "{1695B623-E4FA-4AFA-BC77-9405E2A84AA5}"
EndProject
Global
	GlobalSection(SolutionConfigurationPlatforms) = preSolution
		Debug|Any CPU = Debug|Any CPU
		Release|Any CPU = Release|Any CPU
	EndGlobalSection
	GlobalSection(ProjectConfigurationPlatforms) = postSolution
		{DAAF7AAA-6662-4D16-957B-2DED69CB125D}.Debug|Any CPU.ActiveCfg = Debug|Any CPU
		{DAAF7AAA-6662-4D16-957B-2DED69CB125D}.Debug|Any CPU.Build.0 = Debug|Any CPU
		{DAAF7AAA-6662-4D16-957B-2DED69CB125D}.Release|Any CPU.ActiveCfg = Release|Any CPU
		{DAAF7AAA-6662-4D16-957B-2DED69CB125D}.Release|Any CPU.Build.0 = Release|Any CPU
		{1695B623-E4FA-4AFA-BC77-9405E2A84AA5}.Debug|Any CPU.ActiveCfg = Debug|Any CPU
		{1695B623-E4FA-4AFA-BC77-9405E2A84AA5}.Debug|Any CPU.Build.0 = Debug|Any CPU
		{1695B623-E4FA-4AFA-BC77-9405E2A84AA5}.Release|Any CPU.ActiveCfg = Release|Any CPU
		{1695B623-E4FA-4AFA-BC77-9405E2A84AA5}.Release|Any CPU.Build.0 = Release|Any CPU
	EndGlobalSection
	GlobalSection(SolutionProperties) = preSolution
		HideSolutionNode = FALSE
	EndGlobalSection
EndGlobal
